
Microsoft Visual Studio Solution File, Format Version 12.00
# Visual Studio Version 17
VisualStudioVersion = 17.12.35707.178
MinimumVisualStudioVersion = 10.0.40219.1
Project("{FAE04EC0-301F-11D3-BF4B-00C04F79EFBC}") = "Sealed", "Sealed\Sealed.csproj", "{87130CE1-8F92-433F-80DD-BD54FBE95A1D}"
EndProject
Project("{FAE04EC0-301F-11D3-BF4B-00C04F79EFBC}") = "Proj Simple Login System", "Proj Simple Login System\Proj Simple Login System.csproj", "{C8CFBF3F-30E0-45AA-88B9-15DDD38C7B04}"
EndProject
Global
	GlobalSection(SolutionConfigurationPlatforms) = preSolution
		Debug|Any CPU = Debug|Any CPU
		Release|Any CPU = Release|Any CPU
	EndGlobalSection
	GlobalSection(ProjectConfigurationPlatforms) = postSolution
		{87130CE1-8F92-433F-80DD-BD54FBE95A1D}.Debug|Any CPU.ActiveCfg = Debug|Any CPU
		{87130CE1-8F92-433F-80DD-BD54FBE95A1D}.Debug|Any CPU.Build.0 = Debug|Any CPU
		{87130CE1-8F92-433F-80DD-BD54FBE95A1D}.Release|Any CPU.ActiveCfg = Release|Any CPU
		{87130CE1-8F92-433F-80DD-BD54FBE95A1D}.Release|Any CPU.Build.0 = Release|Any CPU
		{C8CFBF3F-30E0-45AA-88B9-15DDD38C7B04}.Debug|Any CPU.ActiveCfg = Debug|Any CPU
		{C8CFBF3F-30E0-45AA-88B9-15DDD38C7B04}.Debug|Any CPU.Build.0 = Debug|Any CPU
		{C8CFBF3F-30E0-45AA-88B9-15DDD38C7B04}.Release|Any CPU.ActiveCfg = Release|Any CPU
		{C8CFBF3F-30E0-45AA-88B9-15DDD38C7B04}.Release|Any CPU.Build.0 = Release|Any CPU
	EndGlobalSection
	GlobalSection(SolutionProperties) = preSolution
		HideSolutionNode = FALSE
	EndGlobalSection
EndGlobal
