
Microsoft Visual Studio Solution File, Format Version 12.00
# Visual Studio Version 17
VisualStudioVersion = 17.12.35707.178
MinimumVisualStudioVersion = 10.0.40219.1
Project("{FAE04EC0-301F-11D3-BF4B-00C04F79EFBC}") = "SpecifiedOperations", "SpecifiedOperations\SpecifiedOperations.csproj", "{17FB9B3D-F019-4AD5-9EED-E5AB6BFFDCBD}"
EndProject
Project("{FAE04EC0-301F-11D3-BF4B-00C04F79EFBC}") = "SwappingTwoNumber", "SwappingTwoNumber\SwappingTwoNumber.csproj", "{4FC8F14A-D688-45D5-90A9-754CD2A46283}"
EndProject
Project("{FAE04EC0-301F-11D3-BF4B-00C04F79EFBC}") = "MultiplyThreeNumber", "MultiplyThreeNumber\MultiplyThreeNumber.csproj", "{2C68A619-C044-48A7-B3ED-72AAC99293E0}"
EndProject
Project("{FAE04EC0-301F-11D3-BF4B-00C04F79EFBC}") = "ArithmaticOperations", "ArithmaticOperations\ArithmaticOperations.csproj", "{A28A6184-570B-4C0F-B8B0-3A6661237959}"
EndProject
Project("{FAE04EC0-301F-11D3-BF4B-00C04F79EFBC}") = "Multiplication Table", "Multiplication Table\Multiplication Table.csproj", "{E5EE1420-5CB6-422D-AAFA-537694B4E5F6}"
EndProject
Project("{FAE04EC0-301F-11D3-BF4B-00C04F79EFBC}") = "AverageOfNumbers", "AverageOfNumbers\AverageOfNumbers.csproj", "{DF47FBAB-446C-449A-BCD7-5DDCD09DA6D3}"
EndProject
Global
	GlobalSection(SolutionConfigurationPlatforms) = preSolution
		Debug|Any CPU = Debug|Any CPU
		Release|Any CPU = Release|Any CPU
	EndGlobalSection
	GlobalSection(ProjectConfigurationPlatforms) = postSolution
		{17FB9B3D-F019-4AD5-9EED-E5AB6BFFDCBD}.Debug|Any CPU.ActiveCfg = Debug|Any CPU
		{17FB9B3D-F019-4AD5-9EED-E5AB6BFFDCBD}.Debug|Any CPU.Build.0 = Debug|Any CPU
		{17FB9B3D-F019-4AD5-9EED-E5AB6BFFDCBD}.Release|Any CPU.ActiveCfg = Release|Any CPU
		{17FB9B3D-F019-4AD5-9EED-E5AB6BFFDCBD}.Release|Any CPU.Build.0 = Release|Any CPU
		{4FC8F14A-D688-45D5-90A9-754CD2A46283}.Debug|Any CPU.ActiveCfg = Debug|Any CPU
		{4FC8F14A-D688-45D5-90A9-754CD2A46283}.Debug|Any CPU.Build.0 = Debug|Any CPU
		{4FC8F14A-D688-45D5-90A9-754CD2A46283}.Release|Any CPU.ActiveCfg = Release|Any CPU
		{4FC8F14A-D688-45D5-90A9-754CD2A46283}.Release|Any CPU.Build.0 = Release|Any CPU
		{2C68A619-C044-48A7-B3ED-72AAC99293E0}.Debug|Any CPU.ActiveCfg = Debug|Any CPU
		{2C68A619-C044-48A7-B3ED-72AAC99293E0}.Debug|Any CPU.Build.0 = Debug|Any CPU
		{2C68A619-C044-48A7-B3ED-72AAC99293E0}.Release|Any CPU.ActiveCfg = Release|Any CPU
		{2C68A619-C044-48A7-B3ED-72AAC99293E0}.Release|Any CPU.Build.0 = Release|Any CPU
		{A28A6184-570B-4C0F-B8B0-3A6661237959}.Debug|Any CPU.ActiveCfg = Debug|Any CPU
		{A28A6184-570B-4C0F-B8B0-3A6661237959}.Debug|Any CPU.Build.0 = Debug|Any CPU
		{A28A6184-570B-4C0F-B8B0-3A6661237959}.Release|Any CPU.ActiveCfg = Release|Any CPU
		{A28A6184-570B-4C0F-B8B0-3A6661237959}.Release|Any CPU.Build.0 = Release|Any CPU
		{E5EE1420-5CB6-422D-AAFA-537694B4E5F6}.Debug|Any CPU.ActiveCfg = Debug|Any CPU
		{E5EE1420-5CB6-422D-AAFA-537694B4E5F6}.Debug|Any CPU.Build.0 = Debug|Any CPU
		{E5EE1420-5CB6-422D-AAFA-537694B4E5F6}.Release|Any CPU.ActiveCfg = Release|Any CPU
		{E5EE1420-5CB6-422D-AAFA-537694B4E5F6}.Release|Any CPU.Build.0 = Release|Any CPU
		{DF47FBAB-446C-449A-BCD7-5DDCD09DA6D3}.Debug|Any CPU.ActiveCfg = Debug|Any CPU
		{DF47FBAB-446C-449A-BCD7-5DDCD09DA6D3}.Debug|Any CPU.Build.0 = Debug|Any CPU
		{DF47FBAB-446C-449A-BCD7-5DDCD09DA6D3}.Release|Any CPU.ActiveCfg = Release|Any CPU
		{DF47FBAB-446C-449A-BCD7-5DDCD09DA6D3}.Release|Any CPU.Build.0 = Release|Any CPU
	EndGlobalSection
	GlobalSection(SolutionProperties) = preSolution
		HideSolutionNode = FALSE
	EndGlobalSection
EndGlobal
