
Microsoft Visual Studio Solution File, Format Version 12.00
# Visual Studio Version 17
VisualStudioVersion = 17.12.35707.178
MinimumVisualStudioVersion = 10.0.40219.1
Project("{FAE04EC0-301F-11D3-BF4B-00C04F79EFBC}") = "Method Class Member", "Method Class Member\Method Class Member.csproj", "{57F6E685-AE12-4562-B1D0-819A6D05864B}"
EndProject
Project("{FAE04EC0-301F-11D3-BF4B-00C04F79EFBC}") = "Constructor", "Constructor\Constructor.csproj", "{996DF1A4-6877-489F-9C74-F4B51B05BF9E}"
EndProject
Project("{FAE04EC0-301F-11D3-BF4B-00C04F79EFBC}") = "Setter and Getter", "ConsoleApp1\Setter and Getter.csproj", "{D0F8F253-9220-40F0-B233-E58C8831D331}"
EndProject
Project("{FAE04EC0-301F-11D3-BF4B-00C04F79EFBC}") = "Properties", "Properties\Properties.csproj", "{5B751AC4-5E38-4F6F-A3C1-955E0A763753}"
EndProject
Project("{FAE04EC0-301F-11D3-BF4B-00C04F79EFBC}") = "Properties using Condition", "Properties using Condition\Properties using Condition.csproj", "{AAEBDEA3-C6E6-4D1C-B87D-08ACCE78D61F}"
EndProject
Project("{FAE04EC0-301F-11D3-BF4B-00C04F79EFBC}") = "this and readonly", "this and readonly\this and readonly.csproj", "{EC6F6A89-45A5-429D-B5F4-F2DB5BFAC37E}"
EndProject
Project("{FAE04EC0-301F-11D3-BF4B-00C04F79EFBC}") = "Inheritance", "Inheritance\Inheritance.csproj", "{0E5A4436-C58E-4E58-A022-CDCB770B2CBD}"
EndProject
Project("{FAE04EC0-301F-11D3-BF4B-00C04F79EFBC}") = "StaticKeyword", "StaticKeyword\StaticKeyword.csproj", "{5BA162D7-D304-41F7-83C9-5D21CE1AEB95}"
EndProject
Project("{FAE04EC0-301F-11D3-BF4B-00C04F79EFBC}") = "Snippet", "Snippet\Snippet.csproj", "{5ED71BC8-0AFE-4D4B-97CD-914D2BA6112F}"
EndProject
Project("{FAE04EC0-301F-11D3-BF4B-00C04F79EFBC}") = "Exception Handling", "Exception Handling\Exception Handling.csproj", "{7EE7556B-E4B9-459C-829C-3099F12ED33F}"
EndProject
Project("{FAE04EC0-301F-11D3-BF4B-00C04F79EFBC}") = "Sample Project", "Sample Project\Sample Project.csproj", "{2CCDDC47-D8C3-45DC-98D6-D3A5B67743E1}"
EndProject
Project("{FAE04EC0-301F-11D3-BF4B-00C04F79EFBC}") = "Some Type of Array", "Some Type of Array\Some Type of Array.csproj", "{C5C5DF71-9FF6-46F4-82C6-03537805F3ED}"
EndProject
Global
	GlobalSection(SolutionConfigurationPlatforms) = preSolution
		Debug|Any CPU = Debug|Any CPU
		Release|Any CPU = Release|Any CPU
	EndGlobalSection
	GlobalSection(ProjectConfigurationPlatforms) = postSolution
		{57F6E685-AE12-4562-B1D0-819A6D05864B}.Debug|Any CPU.ActiveCfg = Debug|Any CPU
		{57F6E685-AE12-4562-B1D0-819A6D05864B}.Debug|Any CPU.Build.0 = Debug|Any CPU
		{57F6E685-AE12-4562-B1D0-819A6D05864B}.Release|Any CPU.ActiveCfg = Release|Any CPU
		{57F6E685-AE12-4562-B1D0-819A6D05864B}.Release|Any CPU.Build.0 = Release|Any CPU
		{996DF1A4-6877-489F-9C74-F4B51B05BF9E}.Debug|Any CPU.ActiveCfg = Debug|Any CPU
		{996DF1A4-6877-489F-9C74-F4B51B05BF9E}.Debug|Any CPU.Build.0 = Debug|Any CPU
		{996DF1A4-6877-489F-9C74-F4B51B05BF9E}.Release|Any CPU.ActiveCfg = Release|Any CPU
		{996DF1A4-6877-489F-9C74-F4B51B05BF9E}.Release|Any CPU.Build.0 = Release|Any CPU
		{D0F8F253-9220-40F0-B233-E58C8831D331}.Debug|Any CPU.ActiveCfg = Debug|Any CPU
		{D0F8F253-9220-40F0-B233-E58C8831D331}.Debug|Any CPU.Build.0 = Debug|Any CPU
		{D0F8F253-9220-40F0-B233-E58C8831D331}.Release|Any CPU.ActiveCfg = Release|Any CPU
		{D0F8F253-9220-40F0-B233-E58C8831D331}.Release|Any CPU.Build.0 = Release|Any CPU
		{5B751AC4-5E38-4F6F-A3C1-955E0A763753}.Debug|Any CPU.ActiveCfg = Debug|Any CPU
		{5B751AC4-5E38-4F6F-A3C1-955E0A763753}.Debug|Any CPU.Build.0 = Debug|Any CPU
		{5B751AC4-5E38-4F6F-A3C1-955E0A763753}.Release|Any CPU.ActiveCfg = Release|Any CPU
		{5B751AC4-5E38-4F6F-A3C1-955E0A763753}.Release|Any CPU.Build.0 = Release|Any CPU
		{AAEBDEA3-C6E6-4D1C-B87D-08ACCE78D61F}.Debug|Any CPU.ActiveCfg = Debug|Any CPU
		{AAEBDEA3-C6E6-4D1C-B87D-08ACCE78D61F}.Debug|Any CPU.Build.0 = Debug|Any CPU
		{AAEBDEA3-C6E6-4D1C-B87D-08ACCE78D61F}.Release|Any CPU.ActiveCfg = Release|Any CPU
		{AAEBDEA3-C6E6-4D1C-B87D-08ACCE78D61F}.Release|Any CPU.Build.0 = Release|Any CPU
		{EC6F6A89-45A5-429D-B5F4-F2DB5BFAC37E}.Debug|Any CPU.ActiveCfg = Debug|Any CPU
		{EC6F6A89-45A5-429D-B5F4-F2DB5BFAC37E}.Debug|Any CPU.Build.0 = Debug|Any CPU
		{EC6F6A89-45A5-429D-B5F4-F2DB5BFAC37E}.Release|Any CPU.ActiveCfg = Release|Any CPU
		{EC6F6A89-45A5-429D-B5F4-F2DB5BFAC37E}.Release|Any CPU.Build.0 = Release|Any CPU
		{0E5A4436-C58E-4E58-A022-CDCB770B2CBD}.Debug|Any CPU.ActiveCfg = Debug|Any CPU
		{0E5A4436-C58E-4E58-A022-CDCB770B2CBD}.Debug|Any CPU.Build.0 = Debug|Any CPU
		{0E5A4436-C58E-4E58-A022-CDCB770B2CBD}.Release|Any CPU.ActiveCfg = Release|Any CPU
		{0E5A4436-C58E-4E58-A022-CDCB770B2CBD}.Release|Any CPU.Build.0 = Release|Any CPU
		{5BA162D7-D304-41F7-83C9-5D21CE1AEB95}.Debug|Any CPU.ActiveCfg = Debug|Any CPU
		{5BA162D7-D304-41F7-83C9-5D21CE1AEB95}.Debug|Any CPU.Build.0 = Debug|Any CPU
		{5BA162D7-D304-41F7-83C9-5D21CE1AEB95}.Release|Any CPU.ActiveCfg = Release|Any CPU
		{5BA162D7-D304-41F7-83C9-5D21CE1AEB95}.Release|Any CPU.Build.0 = Release|Any CPU
		{5ED71BC8-0AFE-4D4B-97CD-914D2BA6112F}.Debug|Any CPU.ActiveCfg = Debug|Any CPU
		{5ED71BC8-0AFE-4D4B-97CD-914D2BA6112F}.Debug|Any CPU.Build.0 = Debug|Any CPU
		{5ED71BC8-0AFE-4D4B-97CD-914D2BA6112F}.Release|Any CPU.ActiveCfg = Release|Any CPU
		{5ED71BC8-0AFE-4D4B-97CD-914D2BA6112F}.Release|Any CPU.Build.0 = Release|Any CPU
		{7EE7556B-E4B9-459C-829C-3099F12ED33F}.Debug|Any CPU.ActiveCfg = Debug|Any CPU
		{7EE7556B-E4B9-459C-829C-3099F12ED33F}.Debug|Any CPU.Build.0 = Debug|Any CPU
		{7EE7556B-E4B9-459C-829C-3099F12ED33F}.Release|Any CPU.ActiveCfg = Release|Any CPU
		{7EE7556B-E4B9-459C-829C-3099F12ED33F}.Release|Any CPU.Build.0 = Release|Any CPU
		{2CCDDC47-D8C3-45DC-98D6-D3A5B67743E1}.Debug|Any CPU.ActiveCfg = Debug|Any CPU
		{2CCDDC47-D8C3-45DC-98D6-D3A5B67743E1}.Debug|Any CPU.Build.0 = Debug|Any CPU
		{2CCDDC47-D8C3-45DC-98D6-D3A5B67743E1}.Release|Any CPU.ActiveCfg = Release|Any CPU
		{2CCDDC47-D8C3-45DC-98D6-D3A5B67743E1}.Release|Any CPU.Build.0 = Release|Any CPU
		{C5C5DF71-9FF6-46F4-82C6-03537805F3ED}.Debug|Any CPU.ActiveCfg = Debug|Any CPU
		{C5C5DF71-9FF6-46F4-82C6-03537805F3ED}.Debug|Any CPU.Build.0 = Debug|Any CPU
		{C5C5DF71-9FF6-46F4-82C6-03537805F3ED}.Release|Any CPU.ActiveCfg = Release|Any CPU
		{C5C5DF71-9FF6-46F4-82C6-03537805F3ED}.Release|Any CPU.Build.0 = Release|Any CPU
	EndGlobalSection
	GlobalSection(SolutionProperties) = preSolution
		HideSolutionNode = FALSE
	EndGlobalSection
EndGlobal
