
Microsoft Visual Studio Solution File, Format Version 12.00
# Visual Studio Version 17
VisualStudioVersion = 17.12.35707.178
MinimumVisualStudioVersion = 10.0.40219.1
Project("{FAE04EC0-301F-11D3-BF4B-00C04F79EFBC}") = "Guassain Game", "Guassain Game\Guassain Game.csproj", "{B857FEE9-2CFC-49D3-A6B1-CAA17955B81E}"
EndProject
Project("{FAE04EC0-301F-11D3-BF4B-00C04F79EFBC}") = "Calculator", "Calculator\Calculator.csproj", "{EB8E16FF-C1AE-41CF-8DCC-76CC63937A56}"
EndProject
Project("{FAE04EC0-301F-11D3-BF4B-00C04F79EFBC}") = "Foreach Loop", "Foreach Loop\Foreach Loop.csproj", "{E29AEC12-202F-4FD3-B0F7-5843FE82CE71}"
EndProject
Project("{FAE04EC0-301F-11D3-BF4B-00C04F79EFBC}") = "JaggedArray", "JaggedArray\JaggedArray.csproj", "{3CC3BA03-B1B3-47B3-9C87-CDCCCA7E37A1}"
EndProject
Global
	GlobalSection(SolutionConfigurationPlatforms) = preSolution
		Debug|Any CPU = Debug|Any CPU
		Release|Any CPU = Release|Any CPU
	EndGlobalSection
	GlobalSection(ProjectConfigurationPlatforms) = postSolution
		{B857FEE9-2CFC-49D3-A6B1-CAA17955B81E}.Debug|Any CPU.ActiveCfg = Debug|Any CPU
		{B857FEE9-2CFC-49D3-A6B1-CAA17955B81E}.Debug|Any CPU.Build.0 = Debug|Any CPU
		{B857FEE9-2CFC-49D3-A6B1-CAA17955B81E}.Release|Any CPU.ActiveCfg = Release|Any CPU
		{B857FEE9-2CFC-49D3-A6B1-CAA17955B81E}.Release|Any CPU.Build.0 = Release|Any CPU
		{EB8E16FF-C1AE-41CF-8DCC-76CC63937A56}.Debug|Any CPU.ActiveCfg = Debug|Any CPU
		{EB8E16FF-C1AE-41CF-8DCC-76CC63937A56}.Debug|Any CPU.Build.0 = Debug|Any CPU
		{EB8E16FF-C1AE-41CF-8DCC-76CC63937A56}.Release|Any CPU.ActiveCfg = Release|Any CPU
		{EB8E16FF-C1AE-41CF-8DCC-76CC63937A56}.Release|Any CPU.Build.0 = Release|Any CPU
		{E29AEC12-202F-4FD3-B0F7-5843FE82CE71}.Debug|Any CPU.ActiveCfg = Debug|Any CPU
		{E29AEC12-202F-4FD3-B0F7-5843FE82CE71}.Debug|Any CPU.Build.0 = Debug|Any CPU
		{E29AEC12-202F-4FD3-B0F7-5843FE82CE71}.Release|Any CPU.ActiveCfg = Release|Any CPU
		{E29AEC12-202F-4FD3-B0F7-5843FE82CE71}.Release|Any CPU.Build.0 = Release|Any CPU
		{3CC3BA03-B1B3-47B3-9C87-CDCCCA7E37A1}.Debug|Any CPU.ActiveCfg = Debug|Any CPU
		{3CC3BA03-B1B3-47B3-9C87-CDCCCA7E37A1}.Debug|Any CPU.Build.0 = Debug|Any CPU
		{3CC3BA03-B1B3-47B3-9C87-CDCCCA7E37A1}.Release|Any CPU.ActiveCfg = Release|Any CPU
		{3CC3BA03-B1B3-47B3-9C87-CDCCCA7E37A1}.Release|Any CPU.Build.0 = Release|Any CPU
	EndGlobalSection
	GlobalSection(SolutionProperties) = preSolution
		HideSolutionNode = FALSE
	EndGlobalSection
EndGlobal
