
Microsoft Visual Studio Solution File, Format Version 12.00
# Visual Studio Version 17
VisualStudioVersion = 17.12.35707.178
MinimumVisualStudioVersion = 10.0.40219.1
Project("{FAE04EC0-301F-11D3-BF4B-00C04F79EFBC}") = "Abstract", "Abstract\Abstract.csproj", "{AFE583C4-A4DE-4BAA-AA32-FA316F431628}"
EndProject
Project("{FAE04EC0-301F-11D3-BF4B-00C04F79EFBC}") = "Abstract Class and Method", "Abstract Class and Method\Abstract Class and Method.csproj", "{5921C1CD-27B0-4F79-8F3D-B8F482089A8C}"
EndProject
Project("{FAE04EC0-301F-11D3-BF4B-00C04F79EFBC}") = "Abstract and Polymorphism", "Abstract and Polymorphism\Abstract and Polymorphism.csproj", "{ED23B599-3A7F-410F-B93D-41E1BA0153DD}"
EndProject
Project("{FAE04EC0-301F-11D3-BF4B-00C04F79EFBC}") = "Real word OOP project", "Real word OOP project\Real word OOP project.csproj", "{F79281B1-98C5-4277-BE87-E63EB18D3458}"
EndProject
Global
	GlobalSection(SolutionConfigurationPlatforms) = preSolution
		Debug|Any CPU = Debug|Any CPU
		Release|Any CPU = Release|Any CPU
	EndGlobalSection
	GlobalSection(ProjectConfigurationPlatforms) = postSolution
		{AFE583C4-A4DE-4BAA-AA32-FA316F431628}.Debug|Any CPU.ActiveCfg = Debug|Any CPU
		{AFE583C4-A4DE-4BAA-AA32-FA316F431628}.Debug|Any CPU.Build.0 = Debug|Any CPU
		{AFE583C4-A4DE-4BAA-AA32-FA316F431628}.Release|Any CPU.ActiveCfg = Release|Any CPU
		{AFE583C4-A4DE-4BAA-AA32-FA316F431628}.Release|Any CPU.Build.0 = Release|Any CPU
		{5921C1CD-27B0-4F79-8F3D-B8F482089A8C}.Debug|Any CPU.ActiveCfg = Debug|Any CPU
		{5921C1CD-27B0-4F79-8F3D-B8F482089A8C}.Debug|Any CPU.Build.0 = Debug|Any CPU
		{5921C1CD-27B0-4F79-8F3D-B8F482089A8C}.Release|Any CPU.ActiveCfg = Release|Any CPU
		{5921C1CD-27B0-4F79-8F3D-B8F482089A8C}.Release|Any CPU.Build.0 = Release|Any CPU
		{ED23B599-3A7F-410F-B93D-41E1BA0153DD}.Debug|Any CPU.ActiveCfg = Debug|Any CPU
		{ED23B599-3A7F-410F-B93D-41E1BA0153DD}.Debug|Any CPU.Build.0 = Debug|Any CPU
		{ED23B599-3A7F-410F-B93D-41E1BA0153DD}.Release|Any CPU.ActiveCfg = Release|Any CPU
		{ED23B599-3A7F-410F-B93D-41E1BA0153DD}.Release|Any CPU.Build.0 = Release|Any CPU
		{F79281B1-98C5-4277-BE87-E63EB18D3458}.Debug|Any CPU.ActiveCfg = Debug|Any CPU
		{F79281B1-98C5-4277-BE87-E63EB18D3458}.Debug|Any CPU.Build.0 = Debug|Any CPU
		{F79281B1-98C5-4277-BE87-E63EB18D3458}.Release|Any CPU.ActiveCfg = Release|Any CPU
		{F79281B1-98C5-4277-BE87-E63EB18D3458}.Release|Any CPU.Build.0 = Release|Any CPU
	EndGlobalSection
	GlobalSection(SolutionProperties) = preSolution
		HideSolutionNode = FALSE
	EndGlobalSection
EndGlobal
