
Microsoft Visual Studio Solution File, Format Version 12.00
# Visual Studio Version 17
VisualStudioVersion = 17.12.35707.178 d17.12
MinimumVisualStudioVersion = 10.0.40219.1
Project("{FAE04EC0-301F-11D3-BF4B-00C04F79EFBC}") = "Static Variable", "Static Variable\Static Variable.csproj", "{5FA80A81-6B6B-43AC-88AE-A11F57671DF4}"
EndProject
Project("{FAE04EC0-301F-11D3-BF4B-00C04F79EFBC}") = "Static Method", "Static Method\Static Method.csproj", "{70B57521-A582-4E85-BCDD-57F40BB2A17A}"
EndProject
Project("{FAE04EC0-301F-11D3-BF4B-00C04F79EFBC}") = "MathHelper", "MathHelper\MathHelper.csproj", "{17CA788D-6936-4C49-8584-09733879B90B}"
EndProject
Global
	GlobalSection(SolutionConfigurationPlatforms) = preSolution
		Debug|Any CPU = Debug|Any CPU
		Release|Any CPU = Release|Any CPU
	EndGlobalSection
	GlobalSection(ProjectConfigurationPlatforms) = postSolution
		{5FA80A81-6B6B-43AC-88AE-A11F57671DF4}.Debug|Any CPU.ActiveCfg = Debug|Any CPU
		{5FA80A81-6B6B-43AC-88AE-A11F57671DF4}.Debug|Any CPU.Build.0 = Debug|Any CPU
		{5FA80A81-6B6B-43AC-88AE-A11F57671DF4}.Release|Any CPU.ActiveCfg = Release|Any CPU
		{5FA80A81-6B6B-43AC-88AE-A11F57671DF4}.Release|Any CPU.Build.0 = Release|Any CPU
		{70B57521-A582-4E85-BCDD-57F40BB2A17A}.Debug|Any CPU.ActiveCfg = Debug|Any CPU
		{70B57521-A582-4E85-BCDD-57F40BB2A17A}.Debug|Any CPU.Build.0 = Debug|Any CPU
		{70B57521-A582-4E85-BCDD-57F40BB2A17A}.Release|Any CPU.ActiveCfg = Release|Any CPU
		{70B57521-A582-4E85-BCDD-57F40BB2A17A}.Release|Any CPU.Build.0 = Release|Any CPU
		{17CA788D-6936-4C49-8584-09733879B90B}.Debug|Any CPU.ActiveCfg = Debug|Any CPU
		{17CA788D-6936-4C49-8584-09733879B90B}.Debug|Any CPU.Build.0 = Debug|Any CPU
		{17CA788D-6936-4C49-8584-09733879B90B}.Release|Any CPU.ActiveCfg = Release|Any CPU
		{17CA788D-6936-4C49-8584-09733879B90B}.Release|Any CPU.Build.0 = Release|Any CPU
	EndGlobalSection
	GlobalSection(SolutionProperties) = preSolution
		HideSolutionNode = FALSE
	EndGlobalSection
EndGlobal
